
Microsoft Visual Studio Solution File, Format Version 12.00
# Visual Studio 15
VisualStudioVersion = 15.0.27703.2035
MinimumVisualStudioVersion = 10.0.40219.1
Project("{FAE04EC0-301F-11D3-BF4B-00C04F79EFBC}") = "Stock_Data", "StockData\Stock_Data.csproj", "{99D7EA48-4FFB-4ACF-9AA9-C56F52266C78}"
EndProject
Project("{FAE04EC0-301F-11D3-BF4B-00C04F79EFBC}") = "StockUI", "StockUI\StockUI.csproj", "{A274974E-3FA8-4D56-8D4B-E99B497D2DC2}"
EndProject
Project("{FAE04EC0-301F-11D3-BF4B-00C04F79EFBC}") = "Stock_Data_Tests", "Stock_Data_Tests\Stock_Data_Tests.csproj", "{C0C17829-11EE-48A7-991A-D98125BED904}"
EndProject
Global
	GlobalSection(SolutionConfigurationPlatforms) = preSolution
		Debug|Any CPU = Debug|Any CPU
		Debug|ARM = Debug|ARM
		Debug|x64 = Debug|x64
		Debug|x86 = Debug|x86
		Release|Any CPU = Release|Any CPU
		Release|ARM = Release|ARM
		Release|x64 = Release|x64
		Release|x86 = Release|x86
	EndGlobalSection
	GlobalSection(ProjectConfigurationPlatforms) = postSolution
		{99D7EA48-4FFB-4ACF-9AA9-C56F52266C78}.Debug|Any CPU.ActiveCfg = Debug|Any CPU
		{99D7EA48-4FFB-4ACF-9AA9-C56F52266C78}.Debug|Any CPU.Build.0 = Debug|Any CPU
		{99D7EA48-4FFB-4ACF-9AA9-C56F52266C78}.Debug|ARM.ActiveCfg = Debug|Any CPU
		{99D7EA48-4FFB-4ACF-9AA9-C56F52266C78}.Debug|ARM.Build.0 = Debug|Any CPU
		{99D7EA48-4FFB-4ACF-9AA9-C56F52266C78}.Debug|x64.ActiveCfg = Debug|Any CPU
		{99D7EA48-4FFB-4ACF-9AA9-C56F52266C78}.Debug|x64.Build.0 = Debug|Any CPU
		{99D7EA48-4FFB-4ACF-9AA9-C56F52266C78}.Debug|x86.ActiveCfg = Debug|Any CPU
		{99D7EA48-4FFB-4ACF-9AA9-C56F52266C78}.Debug|x86.Build.0 = Debug|Any CPU
		{99D7EA48-4FFB-4ACF-9AA9-C56F52266C78}.Release|Any CPU.ActiveCfg = Release|Any CPU
		{99D7EA48-4FFB-4ACF-9AA9-C56F52266C78}.Release|Any CPU.Build.0 = Release|Any CPU
		{99D7EA48-4FFB-4ACF-9AA9-C56F52266C78}.Release|ARM.ActiveCfg = Release|Any CPU
		{99D7EA48-4FFB-4ACF-9AA9-C56F52266C78}.Release|ARM.Build.0 = Release|Any CPU
		{99D7EA48-4FFB-4ACF-9AA9-C56F52266C78}.Release|x64.ActiveCfg = Release|Any CPU
		{99D7EA48-4FFB-4ACF-9AA9-C56F52266C78}.Release|x64.Build.0 = Release|Any CPU
		{99D7EA48-4FFB-4ACF-9AA9-C56F52266C78}.Release|x86.ActiveCfg = Release|Any CPU
		{99D7EA48-4FFB-4ACF-9AA9-C56F52266C78}.Release|x86.Build.0 = Release|Any CPU
		{A274974E-3FA8-4D56-8D4B-E99B497D2DC2}.Debug|Any CPU.ActiveCfg = Debug|Any CPU
		{A274974E-3FA8-4D56-8D4B-E99B497D2DC2}.Debug|Any CPU.Build.0 = Debug|Any CPU
		{A274974E-3FA8-4D56-8D4B-E99B497D2DC2}.Debug|ARM.ActiveCfg = Debug|Any CPU
		{A274974E-3FA8-4D56-8D4B-E99B497D2DC2}.Debug|ARM.Build.0 = Debug|Any CPU
		{A274974E-3FA8-4D56-8D4B-E99B497D2DC2}.Debug|x64.ActiveCfg = Debug|Any CPU
		{A274974E-3FA8-4D56-8D4B-E99B497D2DC2}.Debug|x64.Build.0 = Debug|Any CPU
		{A274974E-3FA8-4D56-8D4B-E99B497D2DC2}.Debug|x86.ActiveCfg = Debug|Any CPU
		{A274974E-3FA8-4D56-8D4B-E99B497D2DC2}.Debug|x86.Build.0 = Debug|Any CPU
		{A274974E-3FA8-4D56-8D4B-E99B497D2DC2}.Release|Any CPU.ActiveCfg = Release|Any CPU
		{A274974E-3FA8-4D56-8D4B-E99B497D2DC2}.Release|Any CPU.Build.0 = Release|Any CPU
		{A274974E-3FA8-4D56-8D4B-E99B497D2DC2}.Release|ARM.ActiveCfg = Release|Any CPU
		{A274974E-3FA8-4D56-8D4B-E99B497D2DC2}.Release|ARM.Build.0 = Release|Any CPU
		{A274974E-3FA8-4D56-8D4B-E99B497D2DC2}.Release|x64.ActiveCfg = Release|Any CPU
		{A274974E-3FA8-4D56-8D4B-E99B497D2DC2}.Release|x64.Build.0 = Release|Any CPU
		{A274974E-3FA8-4D56-8D4B-E99B497D2DC2}.Release|x86.ActiveCfg = Release|Any CPU
		{A274974E-3FA8-4D56-8D4B-E99B497D2DC2}.Release|x86.Build.0 = Release|Any CPU
		{C0C17829-11EE-48A7-991A-D98125BED904}.Debug|Any CPU.ActiveCfg = Debug|Any CPU
		{C0C17829-11EE-48A7-991A-D98125BED904}.Debug|Any CPU.Build.0 = Debug|Any CPU
		{C0C17829-11EE-48A7-991A-D98125BED904}.Debug|ARM.ActiveCfg = Debug|Any CPU
		{C0C17829-11EE-48A7-991A-D98125BED904}.Debug|ARM.Build.0 = Debug|Any CPU
		{C0C17829-11EE-48A7-991A-D98125BED904}.Debug|x64.ActiveCfg = Debug|Any CPU
		{C0C17829-11EE-48A7-991A-D98125BED904}.Debug|x64.Build.0 = Debug|Any CPU
		{C0C17829-11EE-48A7-991A-D98125BED904}.Debug|x86.ActiveCfg = Debug|Any CPU
		{C0C17829-11EE-48A7-991A-D98125BED904}.Debug|x86.Build.0 = Debug|Any CPU
		{C0C17829-11EE-48A7-991A-D98125BED904}.Release|Any CPU.ActiveCfg = Release|Any CPU
		{C0C17829-11EE-48A7-991A-D98125BED904}.Release|Any CPU.Build.0 = Release|Any CPU
		{C0C17829-11EE-48A7-991A-D98125BED904}.Release|ARM.ActiveCfg = Release|Any CPU
		{C0C17829-11EE-48A7-991A-D98125BED904}.Release|ARM.Build.0 = Release|Any CPU
		{C0C17829-11EE-48A7-991A-D98125BED904}.Release|x64.ActiveCfg = Release|Any CPU
		{C0C17829-11EE-48A7-991A-D98125BED904}.Release|x64.Build.0 = Release|Any CPU
		{C0C17829-11EE-48A7-991A-D98125BED904}.Release|x86.ActiveCfg = Release|Any CPU
		{C0C17829-11EE-48A7-991A-D98125BED904}.Release|x86.Build.0 = Release|Any CPU
	EndGlobalSection
	GlobalSection(SolutionProperties) = preSolution
		HideSolutionNode = FALSE
	EndGlobalSection
	GlobalSection(ExtensibilityGlobals) = postSolution
		SolutionGuid = {0C67D0D1-CBCC-4EB7-B2C2-82254C630011}
	EndGlobalSection
EndGlobal
